
Microsoft Visual Studio Solution File, Format Version 12.00
# Visual Studio Version 17
VisualStudioVersion = 17.5.33414.496
MinimumVisualStudioVersion = 10.0.40219.1
Project("{8BC9CEB8-8B4A-11D0-8D11-00A0C91BC942}") = "dmge", "dmge\dmge.vcxproj", "{F139135F-8A06-489E-A0FB-C31C50B69269}"
EndProject
Project("{8BC9CEB8-8B4A-11D0-8D11-00A0C91BC942}") = "dmge_wasm", "dmge_wasm\dmge_wasm.vcxproj", "{8598DFCE-D966-4B2E-A59B-6E939C43D170}"
EndProject
Global
	GlobalSection(SolutionConfigurationPlatforms) = preSolution
		Debug|Emscripten = Debug|Emscripten
		Debug|x64 = Debug|x64
		Release|Emscripten = Release|Emscripten
		Release|x64 = Release|x64
	EndGlobalSection
	GlobalSection(ProjectConfigurationPlatforms) = postSolution
		{F139135F-8A06-489E-A0FB-C31C50B69269}.Debug|Emscripten.ActiveCfg = Debug|x64
		{F139135F-8A06-489E-A0FB-C31C50B69269}.Debug|Emscripten.Build.0 = Debug|x64
		{F139135F-8A06-489E-A0FB-C31C50B69269}.Debug|x64.ActiveCfg = Debug|x64
		{F139135F-8A06-489E-A0FB-C31C50B69269}.Debug|x64.Build.0 = Debug|x64
		{F139135F-8A06-489E-A0FB-C31C50B69269}.Release|Emscripten.ActiveCfg = Release|x64
		{F139135F-8A06-489E-A0FB-C31C50B69269}.Release|Emscripten.Build.0 = Release|x64
		{F139135F-8A06-489E-A0FB-C31C50B69269}.Release|x64.ActiveCfg = Release|x64
		{F139135F-8A06-489E-A0FB-C31C50B69269}.Release|x64.Build.0 = Release|x64
		{8598DFCE-D966-4B2E-A59B-6E939C43D170}.Debug|Emscripten.ActiveCfg = Debug|Emscripten
		{8598DFCE-D966-4B2E-A59B-6E939C43D170}.Debug|Emscripten.Build.0 = Debug|Emscripten
		{8598DFCE-D966-4B2E-A59B-6E939C43D170}.Debug|x64.ActiveCfg = Debug|Emscripten
		{8598DFCE-D966-4B2E-A59B-6E939C43D170}.Debug|x64.Build.0 = Debug|Emscripten
		{8598DFCE-D966-4B2E-A59B-6E939C43D170}.Release|Emscripten.ActiveCfg = Release|Emscripten
		{8598DFCE-D966-4B2E-A59B-6E939C43D170}.Release|Emscripten.Build.0 = Release|Emscripten
		{8598DFCE-D966-4B2E-A59B-6E939C43D170}.Release|x64.ActiveCfg = Release|Emscripten
		{8598DFCE-D966-4B2E-A59B-6E939C43D170}.Release|x64.Build.0 = Release|Emscripten
	EndGlobalSection
	GlobalSection(SolutionProperties) = preSolution
		HideSolutionNode = FALSE
	EndGlobalSection
	GlobalSection(ExtensibilityGlobals) = postSolution
		SolutionGuid = {CB60E099-7F18-4F08-8F70-229A3E3F922B}
	EndGlobalSection
EndGlobal
