<?xml version="1.0" encoding="utf-8"?>
<Project ToolsVersion="4.0" xmlns="http://schemas.microsoft.com/developer/msbuild/2003">
  <ItemGroup>
    <Filter Include="Resource Files">
      <UniqueIdentifier>{5061b12f-cfdf-4e06-8ee1-f92f84b00605}</UniqueIdentifier>
    </Filter>
    <Filter Include="Source Files">
      <UniqueIdentifier>{ee4564ca-b664-40e3-a63d-d618f03600bd}</UniqueIdentifier>
    </Filter>
    <Filter Include="Header Files">
      <UniqueIdentifier>{af1cfb29-c8af-492c-84fe-b490b7e5a266}</UniqueIdentifier>
    </Filter>
    <Filter Include="Resource Files\resources">
      <UniqueIdentifier>{00208cd6-26e0-4668-a437-2cef0eb5bd00}</UniqueIdentifier>
    </Filter>
    <Filter Include="Resource Files\resources\engine">
      <UniqueIdentifier>{78119647-6ffd-4fed-9b26-954f2edc67d8}</UniqueIdentifier>
    </Filter>
    <Filter Include="Resource Files\resources\engine\font">
      <UniqueIdentifier>{cefaaac3-ad1e-4bd4-9dd8-5c07a83d87ff}</UniqueIdentifier>
    </Filter>
    <Filter Include="Resource Files\resources\engine\font\min">
      <UniqueIdentifier>{9afa93B8-5264-4e11-a2a9-ecec79805d7d}</UniqueIdentifier>
    </Filter>
    <Filter Include="Resource Files\resources\engine\shader">
      <UniqueIdentifier>{55439721-4c35-4f3f-add9-a3f60b0085a9}</UniqueIdentifier>
    </Filter>
    <Filter Include="Resource Files\resources\engine\shader\essl">
      <UniqueIdentifier>{3a730d52-b997-463e-a026-2a59fbebf253}</UniqueIdentifier>
    </Filter>
    <Filter Include="Resource Files\resources\engine\shader\wgsl">
      <UniqueIdentifier>{b6fc9618-dffa-452c-9ce5-a436a93b6bed}</UniqueIdentifier>
    </Filter>
    <Filter Include="Resource Files\resources\engine\texture">
      <UniqueIdentifier>{c45638f7-8621-4616-9a57-22f0da783fd1}</UniqueIdentifier>
    </Filter>
    <Filter Include="Resource Files\resources\engine\texture\box-shadow">
      <UniqueIdentifier>{aeb4dbf4-f1ba-402b-9249-c3056a02598d}</UniqueIdentifier>
    </Filter>
    <Filter Include="Template Files">
      <UniqueIdentifier>{3DC55764-A3B8-4D7E-AA91-C3C467637996}</UniqueIdentifier>
    </Filter>
    <Filter Include="Template Files\Embeddable">
      <UniqueIdentifier>{1155355D-3484-407F-BCE3-BC5EB094E4DD}</UniqueIdentifier>
    </Filter>
    <Filter Include="Header Files\Audio">
      <UniqueIdentifier>{3f4b994f-95ea-4de0-bba1-179156b1e70b}</UniqueIdentifier>
    </Filter>
    <Filter Include="Header Files\SGB">
      <UniqueIdentifier>{4cc8e0f4-1afc-46d1-9371-8957727f827c}</UniqueIdentifier>
    </Filter>
    <Filter Include="Header Files\GUI">
      <UniqueIdentifier>{997fe268-cd33-43cb-9d7a-157954dc092e}</UniqueIdentifier>
    </Filter>
    <Filter Include="Header Files\BitMask">
      <UniqueIdentifier>{5c2788f8-0fb1-4f9d-b1fc-9d5c819730af}</UniqueIdentifier>
    </Filter>
    <Filter Include="Source Files\Audio">
      <UniqueIdentifier>{26dfc7cf-afa9-4054-8ea7-433c4c00389e}</UniqueIdentifier>
    </Filter>
    <Filter Include="Source Files\GUI">
      <UniqueIdentifier>{941b2a9b-115c-42c7-bdff-8cc32a2e4315}</UniqueIdentifier>
    </Filter>
    <Filter Include="Source Files\SGB">
      <UniqueIdentifier>{83c54791-ae49-4585-bac9-3ab02cc008d4}</UniqueIdentifier>
    </Filter>
  </ItemGroup>
  <ItemGroup>
    <None Include="resources\engine\font\min\LICENSE">
      <Filter>Resource Files\resources\engine\font\min</Filter>
    </None>
    <None Include="resources\engine\font\min\siv3d-min.woff">
      <Filter>Resource Files\resources\engine\font\min</Filter>
    </None>
    <None Include="resources\engine\shader\essl\apply_srgb_curve.frag">
      <Filter>Resource Files\resources\engine\shader\essl</Filter>
    </None>
    <None Include="resources\engine\shader\essl\bitmapfont.frag">
      <Filter>Resource Files\resources\engine\shader\essl</Filter>
    </None>
    <None Include="resources\engine\shader\essl\copy.frag">
      <Filter>Resource Files\resources\engine\shader\essl</Filter>
    </None>
    <None Include="resources\engine\shader\essl\forward3d.frag">
      <Filter>Resource Files\resources\engine\shader\essl</Filter>
    </None>
    <None Include="resources\engine\shader\essl\forward3d.vert">
      <Filter>Resource Files\resources\engine\shader\essl</Filter>
    </None>
    <None Include="resources\engine\shader\essl\fullscreen_triangle.frag">
      <Filter>Resource Files\resources\engine\shader\essl</Filter>
    </None>
    <None Include="resources\engine\shader\essl\fullscreen_triangle.vert">
      <Filter>Resource Files\resources\engine\shader\essl</Filter>
    </None>
    <None Include="resources\engine\shader\essl\gaussian_blur_9.frag">
      <Filter>Resource Files\resources\engine\shader\essl</Filter>
    </None>
    <None Include="resources\engine\shader\essl\line3d.frag">
      <Filter>Resource Files\resources\engine\shader\essl</Filter>
    </None>
    <None Include="resources\engine\shader\essl\line3d.vert">
      <Filter>Resource Files\resources\engine\shader\essl</Filter>
    </None>
    <None Include="resources\engine\shader\essl\msdffont.frag">
      <Filter>Resource Files\resources\engine\shader\essl</Filter>
    </None>
    <None Include="resources\engine\shader\essl\msdffont_outline.frag">
      <Filter>Resource Files\resources\engine\shader\essl</Filter>
    </None>
    <None Include="resources\engine\shader\essl\msdffont_outlineshadow.frag">
      <Filter>Resource Files\resources\engine\shader\essl</Filter>
    </None>
    <None Include="resources\engine\shader\essl\msdffont_shadow.frag">
      <Filter>Resource Files\resources\engine\shader\essl</Filter>
    </None>
    <None Include="resources\engine\shader\essl\msdfprint.frag">
      <Filter>Resource Files\resources\engine\shader\essl</Filter>
    </None>
    <None Include="resources\engine\shader\essl\round_dot.frag">
      <Filter>Resource Files\resources\engine\shader\essl</Filter>
    </None>
    <None Include="resources\engine\shader\essl\sdffont.frag">
      <Filter>Resource Files\resources\engine\shader\essl</Filter>
    </None>
    <None Include="resources\engine\shader\essl\sdffont_outline.frag">
      <Filter>Resource Files\resources\engine\shader\essl</Filter>
    </None>
    <None Include="resources\engine\shader\essl\sdffont_outlineshadow.frag">
      <Filter>Resource Files\resources\engine\shader\essl</Filter>
    </None>
    <None Include="resources\engine\shader\essl\sdffont_shadow.frag">
      <Filter>Resource Files\resources\engine\shader\essl</Filter>
    </None>
    <None Include="resources\engine\shader\essl\shape.frag">
      <Filter>Resource Files\resources\engine\shader\essl</Filter>
    </None>
    <None Include="resources\engine\shader\essl\sky.frag">
      <Filter>Resource Files\resources\engine\shader\essl</Filter>
    </None>
    <None Include="resources\engine\shader\essl\sprite.vert">
      <Filter>Resource Files\resources\engine\shader\essl</Filter>
    </None>
    <None Include="resources\engine\shader\essl\square_dot.frag">
      <Filter>Resource Files\resources\engine\shader\essl</Filter>
    </None>
    <None Include="resources\engine\shader\essl\texture.frag">
      <Filter>Resource Files\resources\engine\shader\essl</Filter>
    </None>
    <None Include="resources\engine\shader\wgsl\apply_srgb_curve.frag.wgsl">
      <Filter>Resource Files\resources\engine\shader\wgsl</Filter>
    </None>
    <None Include="resources\engine\shader\wgsl\bitmapfont.frag.wgsl">
      <Filter>Resource Files\resources\engine\shader\wgsl</Filter>
    </None>
    <None Include="resources\engine\shader\wgsl\copy.frag.wgsl">
      <Filter>Resource Files\resources\engine\shader\wgsl</Filter>
    </None>
    <None Include="resources\engine\shader\wgsl\forward3d.frag.wgsl">
      <Filter>Resource Files\resources\engine\shader\wgsl</Filter>
    </None>
    <None Include="resources\engine\shader\wgsl\forward3d.vert.wgsl">
      <Filter>Resource Files\resources\engine\shader\wgsl</Filter>
    </None>
    <None Include="resources\engine\shader\wgsl\fullscreen_triangle.frag.wgsl">
      <Filter>Resource Files\resources\engine\shader\wgsl</Filter>
    </None>
    <None Include="resources\engine\shader\wgsl\fullscreen_triangle.vert.wgsl">
      <Filter>Resource Files\resources\engine\shader\wgsl</Filter>
    </None>
    <None Include="resources\engine\shader\wgsl\gaussian_blur_9.frag.wgsl">
      <Filter>Resource Files\resources\engine\shader\wgsl</Filter>
    </None>
    <None Include="resources\engine\shader\wgsl\line3d.frag.wgsl">
      <Filter>Resource Files\resources\engine\shader\wgsl</Filter>
    </None>
    <None Include="resources\engine\shader\wgsl\line3d.vert.wgsl">
      <Filter>Resource Files\resources\engine\shader\wgsl</Filter>
    </None>
    <None Include="resources\engine\shader\wgsl\linear_to_screen.frag.wgsl">
      <Filter>Resource Files\resources\engine\shader\wgsl</Filter>
    </None>
    <None Include="resources\engine\shader\wgsl\msdffont.frag.wgsl">
      <Filter>Resource Files\resources\engine\shader\wgsl</Filter>
    </None>
    <None Include="resources\engine\shader\wgsl\msdffont_outline.frag.wgsl">
      <Filter>Resource Files\resources\engine\shader\wgsl</Filter>
    </None>
    <None Include="resources\engine\shader\wgsl\msdffont_outlineshadow.frag.wgsl">
      <Filter>Resource Files\resources\engine\shader\wgsl</Filter>
    </None>
    <None Include="resources\engine\shader\wgsl\msdffont_shadow.frag.wgsl">
      <Filter>Resource Files\resources\engine\shader\wgsl</Filter>
    </None>
    <None Include="resources\engine\shader\wgsl\msdfprint.frag.wgsl">
      <Filter>Resource Files\resources\engine\shader\wgsl</Filter>
    </None>
    <None Include="resources\engine\shader\wgsl\round_dot.frag.wgsl">
      <Filter>Resource Files\resources\engine\shader\wgsl</Filter>
    </None>
    <None Include="resources\engine\shader\wgsl\sdffont.frag.wgsl">
      <Filter>Resource Files\resources\engine\shader\wgsl</Filter>
    </None>
    <None Include="resources\engine\shader\wgsl\sdffont_outline.frag.wgsl">
      <Filter>Resource Files\resources\engine\shader\wgsl</Filter>
    </None>
    <None Include="resources\engine\shader\wgsl\sdffont_outlineshadow.frag.wgsl">
      <Filter>Resource Files\resources\engine\shader\wgsl</Filter>
    </None>
    <None Include="resources\engine\shader\wgsl\sdffont_shadow.frag.wgsl">
      <Filter>Resource Files\resources\engine\shader\wgsl</Filter>
    </None>
    <None Include="resources\engine\shader\wgsl\shape.frag.wgsl">
      <Filter>Resource Files\resources\engine\shader\wgsl</Filter>
    </None>
    <None Include="resources\engine\shader\wgsl\sky.frag.wgsl">
      <Filter>Resource Files\resources\engine\shader\wgsl</Filter>
    </None>
    <None Include="resources\engine\shader\wgsl\sprite.vert.wgsl">
      <Filter>Resource Files\resources\engine\shader\wgsl</Filter>
    </None>
    <None Include="resources\engine\shader\wgsl\square_dot.frag.wgsl">
      <Filter>Resource Files\resources\engine\shader\wgsl</Filter>
    </None>
    <None Include="resources\engine\shader\wgsl\texture.frag.wgsl">
      <Filter>Resource Files\resources\engine\shader\wgsl</Filter>
    </None>
    <None Include="resources\engine\texture\box-shadow\128.png">
      <Filter>Resource Files\resources\engine\texture\box-shadow</Filter>
    </None>
    <None Include="resources\engine\texture\box-shadow\16.png">
      <Filter>Resource Files\resources\engine\texture\box-shadow</Filter>
    </None>
    <None Include="resources\engine\texture\box-shadow\256.png">
      <Filter>Resource Files\resources\engine\texture\box-shadow</Filter>
    </None>
    <None Include="resources\engine\texture\box-shadow\32.png">
      <Filter>Resource Files\resources\engine\texture\box-shadow</Filter>
    </None>
    <None Include="resources\engine\texture\box-shadow\64.png">
      <Filter>Resource Files\resources\engine\texture\box-shadow</Filter>
    </None>
    <None Include="resources\engine\texture\box-shadow\8.png">
      <Filter>Resource Files\resources\engine\texture\box-shadow</Filter>
    </None>
  </ItemGroup>
  <ItemGroup>
    <None Include="Templates\Embeddable\web-player.html">
      <Filter>Template Files\Embeddable</Filter>
    </None>
    <None Include="Templates\Embeddable\web-player.js">
      <Filter>Template Files\Embeddable</Filter>
    </None>
  </ItemGroup>
  <ItemGroup>
    <ClCompile Include="..\dmge\Audio\APU.cpp">
      <Filter>Source Files\Audio</Filter>
    </ClCompile>
    <ClCompile Include="..\dmge\Audio\APUStream.cpp">
      <Filter>Source Files\Audio</Filter>
    </ClCompile>
    <ClCompile Include="..\dmge\Audio\Channel.cpp">
      <Filter>Source Files\Audio</Filter>
    </ClCompile>
    <ClCompile Include="..\dmge\Audio\FrameSequencer.cpp">
      <Filter>Source Files\Audio</Filter>
    </ClCompile>
    <ClCompile Include="..\dmge\Audio\Frequency.cpp">
      <Filter>Source Files\Audio</Filter>
    </ClCompile>
    <ClCompile Include="..\dmge\Audio\FrequencySweep.cpp">
      <Filter>Source Files\Audio</Filter>
    </ClCompile>
    <ClCompile Include="..\dmge\Audio\LengthCounter.cpp">
      <Filter>Source Files\Audio</Filter>
    </ClCompile>
    <ClCompile Include="..\dmge\Audio\NoiseChannel.cpp">
      <Filter>Source Files\Audio</Filter>
    </ClCompile>
    <ClCompile Include="..\dmge\Audio\SquareChannel.cpp">
      <Filter>Source Files\Audio</Filter>
    </ClCompile>
    <ClCompile Include="..\dmge\Audio\SquareWave.cpp">
      <Filter>Source Files\Audio</Filter>
    </ClCompile>
    <ClCompile Include="..\dmge\Audio\VolumeEnvelope.cpp">
      <Filter>Source Files\Audio</Filter>
    </ClCompile>
    <ClCompile Include="..\dmge\Audio\WaveChannel.cpp">
      <Filter>Source Files\Audio</Filter>
    </ClCompile>
    <ClCompile Include="..\dmge\GUI\Menu.cpp">
      <Filter>Source Files\GUI</Filter>
    </ClCompile>
    <ClCompile Include="..\dmge\GUI\TextboxOverlay.cpp">
      <Filter>Source Files\GUI</Filter>
    </ClCompile>
    <ClCompile Include="..\dmge\SGB\Command.cpp">
      <Filter>Source Files\SGB</Filter>
    </ClCompile>
    <ClCompile Include="..\dmge\App.cpp">
      <Filter>Source Files</Filter>
    </ClCompile>
    <ClCompile Include="..\dmge\AppConfig.cpp">
      <Filter>Source Files</Filter>
    </ClCompile>
    <ClCompile Include="..\dmge\AppWindow.cpp">
      <Filter>Source Files</Filter>
    </ClCompile>
    <ClCompile Include="..\dmge\Cartridge.cpp">
      <Filter>Source Files</Filter>
    </ClCompile>
    <ClCompile Include="..\dmge\CPU.cpp">
      <Filter>Source Files</Filter>
    </ClCompile>
    <ClCompile Include="..\dmge\DebugMonitor.cpp">
      <Filter>Source Files</Filter>
    </ClCompile>
    <ClCompile Include="..\dmge\DebugPrint.cpp">
      <Filter>Source Files</Filter>
    </ClCompile>
    <ClCompile Include="..\dmge\DMA.cpp">
      <Filter>Source Files</Filter>
    </ClCompile>
    <ClCompile Include="..\dmge\InputMapping.cpp">
      <Filter>Source Files</Filter>
    </ClCompile>
    <ClCompile Include="..\dmge\InputMappingOverlay.cpp">
      <Filter>Source Files</Filter>
    </ClCompile>
    <ClCompile Include="..\dmge\Interrupt.cpp">
      <Filter>Source Files</Filter>
    </ClCompile>
    <ClCompile Include="..\dmge\Joypad.cpp">
      <Filter>Source Files</Filter>
    </ClCompile>
    <ClCompile Include="..\dmge\LCD.cpp">
      <Filter>Source Files</Filter>
    </ClCompile>
    <ClCompile Include="..\dmge\Main.cpp">
      <Filter>Source Files</Filter>
    </ClCompile>
    <ClCompile Include="..\dmge\MBC.cpp">
      <Filter>Source Files</Filter>
    </ClCompile>
    <ClCompile Include="..\dmge\Memory.cpp">
      <Filter>Source Files</Filter>
    </ClCompile>
    <ClCompile Include="..\dmge\PPU.cpp">
      <Filter>Source Files</Filter>
    </ClCompile>
    <ClCompile Include="..\dmge\RTC.cpp">
      <Filter>Source Files</Filter>
    </ClCompile>
    <ClCompile Include="..\dmge\Serial.cpp">
      <Filter>Source Files</Filter>
    </ClCompile>
    <ClCompile Include="..\dmge\stdafx.cpp">
      <Filter>Source Files</Filter>
    </ClCompile>
    <ClCompile Include="..\dmge\TileData.cpp">
      <Filter>Source Files</Filter>
    </ClCompile>
    <ClCompile Include="..\dmge\Timer.cpp">
      <Filter>Source Files</Filter>
    </ClCompile>
    <ClCompile Include="..\dmge\Timing.cpp">
      <Filter>Source Files</Filter>
    </ClCompile>
  </ItemGroup>
  <ItemGroup>
    <ClInclude Include="..\dmge\Audio\APU.h">
      <Filter>Header Files\Audio</Filter>
    </ClInclude>
    <ClInclude Include="..\dmge\Audio\APUStream.h">
      <Filter>Header Files\Audio</Filter>
    </ClInclude>
    <ClInclude Include="..\dmge\Audio\Channel.h">
      <Filter>Header Files\Audio</Filter>
    </ClInclude>
    <ClInclude Include="..\dmge\Audio\FrameSequencer.h">
      <Filter>Header Files\Audio</Filter>
    </ClInclude>
    <ClInclude Include="..\dmge\Audio\Frequency.h">
      <Filter>Header Files\Audio</Filter>
    </ClInclude>
    <ClInclude Include="..\dmge\Audio\FrequencySweep.h">
      <Filter>Header Files\Audio</Filter>
    </ClInclude>
    <ClInclude Include="..\dmge\Audio\LengthCounter.h">
      <Filter>Header Files\Audio</Filter>
    </ClInclude>
    <ClInclude Include="..\dmge\Audio\NoiseChannel.h">
      <Filter>Header Files\Audio</Filter>
    </ClInclude>
    <ClInclude Include="..\dmge\Audio\SquareChannel.h">
      <Filter>Header Files\Audio</Filter>
    </ClInclude>
    <ClInclude Include="..\dmge\Audio\SquareWave.h">
      <Filter>Header Files\Audio</Filter>
    </ClInclude>
    <ClInclude Include="..\dmge\Audio\VolumeEnvelope.h">
      <Filter>Header Files\Audio</Filter>
    </ClInclude>
    <ClInclude Include="..\dmge\Audio\WaveChannel.h">
      <Filter>Header Files\Audio</Filter>
    </ClInclude>
    <ClInclude Include="..\dmge\BitMask\InterruptFlag.h">
      <Filter>Header Files\BitMask</Filter>
    </ClInclude>
    <ClInclude Include="..\dmge\BitMask\LCDC.h">
      <Filter>Header Files\BitMask</Filter>
    </ClInclude>
    <ClInclude Include="..\dmge\BitMask\STAT.h">
      <Filter>Header Files\BitMask</Filter>
    </ClInclude>
    <ClInclude Include="..\dmge\BitMask\TAC.h">
      <Filter>Header Files\BitMask</Filter>
    </ClInclude>
    <ClInclude Include="..\dmge\GUI\Menu.h">
      <Filter>Header Files\GUI</Filter>
    </ClInclude>
    <ClInclude Include="..\dmge\GUI\TextboxOverlay.h">
      <Filter>Header Files\GUI</Filter>
    </ClInclude>
    <ClInclude Include="..\dmge\SGB\Command.h">
      <Filter>Header Files\SGB</Filter>
    </ClInclude>
    <ClInclude Include="..\dmge\SGB\Commands.h">
      <Filter>Header Files\SGB</Filter>
    </ClInclude>
    <ClInclude Include="..\dmge\SGB\Mask.h">
      <Filter>Header Files\SGB</Filter>
    </ClInclude>
    <ClInclude Include="..\dmge\Address.h">
      <Filter>Header Files</Filter>
    </ClInclude>
    <ClInclude Include="..\dmge\App.h">
      <Filter>Header Files</Filter>
    </ClInclude>
    <ClInclude Include="..\dmge\AppConfig.h">
      <Filter>Header Files</Filter>
    </ClInclude>
    <ClInclude Include="..\dmge\AppWindow.h">
      <Filter>Header Files</Filter>
    </ClInclude>
    <ClInclude Include="..\dmge\Cartridge.h">
      <Filter>Header Files</Filter>
    </ClInclude>
    <ClInclude Include="..\dmge\Colors.h">
      <Filter>Header Files</Filter>
    </ClInclude>
    <ClInclude Include="..\dmge\CPU.h">
      <Filter>Header Files</Filter>
    </ClInclude>
    <ClInclude Include="..\dmge\DebugMonitor.h">
      <Filter>Header Files</Filter>
    </ClInclude>
    <ClInclude Include="..\dmge\DebugPrint.h">
      <Filter>Header Files</Filter>
    </ClInclude>
    <ClInclude Include="..\dmge\DMA.h">
      <Filter>Header Files</Filter>
    </ClInclude>
    <ClInclude Include="..\dmge\InputMapping.h">
      <Filter>Header Files</Filter>
    </ClInclude>
    <ClInclude Include="..\dmge\InputMappingArray.h">
      <Filter>Header Files</Filter>
    </ClInclude>
    <ClInclude Include="..\dmge\InputMappingOverlay.h">
      <Filter>Header Files</Filter>
    </ClInclude>
    <ClInclude Include="..\dmge\Interrupt.h">
      <Filter>Header Files</Filter>
    </ClInclude>
    <ClInclude Include="..\dmge\Joypad.h">
      <Filter>Header Files</Filter>
    </ClInclude>
    <ClInclude Include="..\dmge\JoypadButtons.h">
      <Filter>Header Files</Filter>
    </ClInclude>
    <ClInclude Include="..\dmge\LCD.h">
      <Filter>Header Files</Filter>
    </ClInclude>
    <ClInclude Include="..\dmge\MBC.h">
      <Filter>Header Files</Filter>
    </ClInclude>
    <ClInclude Include="..\dmge\Memory.h">
      <Filter>Header Files</Filter>
    </ClInclude>
    <ClInclude Include="..\dmge\OAM.h">
      <Filter>Header Files</Filter>
    </ClInclude>
    <ClInclude Include="..\dmge\PPU.h">
      <Filter>Header Files</Filter>
    </ClInclude>
    <ClInclude Include="..\dmge\PPUConstants.h">
      <Filter>Header Files</Filter>
    </ClInclude>
    <ClInclude Include="..\dmge\PPUMode.h">
      <Filter>Header Files</Filter>
    </ClInclude>
    <ClInclude Include="..\dmge\RTC.h">
      <Filter>Header Files</Filter>
    </ClInclude>
    <ClInclude Include="..\dmge\Serial.h">
      <Filter>Header Files</Filter>
    </ClInclude>
    <ClInclude Include="..\dmge\stdafx.h">
      <Filter>Header Files</Filter>
    </ClInclude>
    <ClInclude Include="..\dmge\Test.h">
      <Filter>Header Files</Filter>
    </ClInclude>
    <ClInclude Include="..\dmge\TileData.h">
      <Filter>Header Files</Filter>
    </ClInclude>
    <ClInclude Include="..\dmge\TileMapAttribute.h">
      <Filter>Header Files</Filter>
    </ClInclude>
    <ClInclude Include="..\dmge\Timer.h">
      <Filter>Header Files</Filter>
    </ClInclude>
    <ClInclude Include="..\dmge\Timing.h">
      <Filter>Header Files</Filter>
    </ClInclude>
    <ClInclude Include="..\dmge\Version.h">
      <Filter>Header Files</Filter>
    </ClInclude>
  </ItemGroup>
</Project>